// !$*UTF8*$!
{
	archiveVersion = 1;
	classes = {
	};
	objectVersion = 46;
	objects = {

/* Begin PBXBuildFile section */
		3F37EEFF1E76A8F200004114 /* NHAlignmentFlowLayout.m in Sources */ = {isa = PBXBuildFile; fileRef = 3F37EEFE1E76A8F200004114 /* NHAlignmentFlowLayout.m */; };
		3F4A2D7D1E72A26A0084A405 /* TextFieldCollectionViewCell.swift in Sources */ = {isa = PBXBuildFile; fileRef = 3F4A2D7C1E72A26A0084A405 /* TextFieldCollectionViewCell.swift */; };
		3FD7DC1A1E7130CC009828E6 /* AppDelegate.swift in Sources */ = {isa = PBXBuildFile; fileRef = 3FD7DC191E7130CC009828E6 /* AppDelegate.swift */; };
		3FD7DC1C1E7130CC009828E6 /* ViewController.swift in Sources */ = {isa = PBXBuildFile; fileRef = 3FD7DC1B1E7130CC009828E6 /* ViewController.swift */; };
		3FD7DC1F1E7130CC009828E6 /* Main.storyboard in Resources */ = {isa = PBXBuildFile; fileRef = 3FD7DC1D1E7130CC009828E6 /* Main.storyboard */; };
		3FD7DC211E7130CC009828E6 /* Assets.xcassets in Resources */ = {isa = PBXBuildFile; fileRef = 3FD7DC201E7130CC009828E6 /* Assets.xcassets */; };
		3FD7DC241E7130CC009828E6 /* LaunchScreen.storyboard in Resources */ = {isa = PBXBuildFile; fileRef = 3FD7DC221E7130CC009828E6 /* LaunchScreen.storyboard */; };
		3FD7DC2E1E715BF7009828E6 /* UICollectionViewLeftAlignedLayout.m in Sources */ = {isa = PBXBuildFile; fileRef = 3FD7DC2D1E715BF7009828E6 /* UICollectionViewLeftAlignedLayout.m */; };
/* End PBXBuildFile section */

/* Begin PBXFileReference section */
		3F37EEFD1E76A8F200004114 /* NHAlignmentFlowLayout.h */ = {isa = PBXFileReference; fileEncoding = 4; lastKnownFileType = sourcecode.c.h; path = NHAlignmentFlowLayout.h; sourceTree = "<group>"; };
		3F37EEFE1E76A8F200004114 /* NHAlignmentFlowLayout.m */ = {isa = PBXFileReference; fileEncoding = 4; lastKnownFileType = sourcecode.c.objc; path = NHAlignmentFlowLayout.m; sourceTree = "<group>"; };
		3F4A2D7C1E72A26A0084A405 /* TextFieldCollectionViewCell.swift */ = {isa = PBXFileReference; fileEncoding = 4; lastKnownFileType = sourcecode.swift; path = TextFieldCollectionViewCell.swift; sourceTree = "<group>"; };
		3FD7DC161E7130CC009828E6 /* RecepientPicker.app */ = {isa = PBXFileReference; explicitFileType = wrapper.application; includeInIndex = 0; path = RecepientPicker.app; sourceTree = BUILT_PRODUCTS_DIR; };
		3FD7DC191E7130CC009828E6 /* AppDelegate.swift */ = {isa = PBXFileReference; lastKnownFileType = sourcecode.swift; path = AppDelegate.swift; sourceTree = "<group>"; };
		3FD7DC1B1E7130CC009828E6 /* ViewController.swift */ = {isa = PBXFileReference; lastKnownFileType = sourcecode.swift; path = ViewController.swift; sourceTree = "<group>"; };
		3FD7DC1E1E7130CC009828E6 /* Base */ = {isa = PBXFileReference; lastKnownFileType = file.storyboard; name = Base; path = Base.lproj/Main.storyboard; sourceTree = "<group>"; };
		3FD7DC201E7130CC009828E6 /* Assets.xcassets */ = {isa = PBXFileReference; lastKnownFileType = folder.assetcatalog; path = Assets.xcassets; sourceTree = "<group>"; };
		3FD7DC231E7130CC009828E6 /* Base */ = {isa = PBXFileReference; lastKnownFileType = file.storyboard; name = Base; path = Base.lproj/LaunchScreen.storyboard; sourceTree = "<group>"; };
		3FD7DC251E7130CC009828E6 /* Info.plist */ = {isa = PBXFileReference; lastKnownFileType = text.plist.xml; path = Info.plist; sourceTree = "<group>"; };
		3FD7DC2B1E715BF7009828E6 /* RecepientPicker-Bridging-Header.h */ = {isa = PBXFileReference; lastKnownFileType = sourcecode.c.h; path = "RecepientPicker-Bridging-Header.h"; sourceTree = "<group>"; };
		3FD7DC2C1E715BF7009828E6 /* UICollectionViewLeftAlignedLayout.h */ = {isa = PBXFileReference; fileEncoding = 4; lastKnownFileType = sourcecode.c.h; path = UICollectionViewLeftAlignedLayout.h; sourceTree = "<group>"; };
		3FD7DC2D1E715BF7009828E6 /* UICollectionViewLeftAlignedLayout.m */ = {isa = PBXFileReference; fileEncoding = 4; lastKnownFileType = sourcecode.c.objc; path = UICollectionViewLeftAlignedLayout.m; sourceTree = "<group>"; };
/* End PBXFileReference section */

/* Begin PBXFrameworksBuildPhase section */
		3FD7DC131E7130CC009828E6 /* Frameworks */ = {
			isa = PBXFrameworksBuildPhase;
			buildActionMask = 2147483647;
			files = (
			);
			runOnlyForDeploymentPostprocessing = 0;
		};
/* End PBXFrameworksBuildPhase section */

/* Begin PBXGroup section */
		3FD7DC0D1E7130CC009828E6 = {
			isa = PBXGroup;
			children = (
				3FD7DC181E7130CC009828E6 /* RecepientPicker */,
				3FD7DC171E7130CC009828E6 /* Products */,
			);
			sourceTree = "<group>";
		};
		3FD7DC171E7130CC009828E6 /* Products */ = {
			isa = PBXGroup;
			children = (
				3FD7DC161E7130CC009828E6 /* RecepientPicker.app */,
			);
			name = Products;
			sourceTree = "<group>";
		};
		3FD7DC181E7130CC009828E6 /* RecepientPicker */ = {
			isa = PBXGroup;
			children = (
				3F37EEFD1E76A8F200004114 /* NHAlignmentFlowLayout.h */,
				3F37EEFE1E76A8F200004114 /* NHAlignmentFlowLayout.m */,
				3FD7DC191E7130CC009828E6 /* AppDelegate.swift */,
				3FD7DC1B1E7130CC009828E6 /* ViewController.swift */,
				3F4A2D7C1E72A26A0084A405 /* TextFieldCollectionViewCell.swift */,
				3FD7DC2C1E715BF7009828E6 /* UICollectionViewLeftAlignedLayout.h */,
				3FD7DC2D1E715BF7009828E6 /* UICollectionViewLeftAlignedLayout.m */,
				3FD7DC1D1E7130CC009828E6 /* Main.storyboard */,
				3FD7DC201E7130CC009828E6 /* Assets.xcassets */,
				3FD7DC221E7130CC009828E6 /* LaunchScreen.storyboard */,
				3FD7DC251E7130CC009828E6 /* Info.plist */,
				3FD7DC2B1E715BF7009828E6 /* RecepientPicker-Bridging-Header.h */,
			);
			path = RecepientPicker;
			sourceTree = "<group>";
		};
/* End PBXGroup section */

/* Begin PBXNativeTarget section */
		3FD7DC151E7130CC009828E6 /* RecepientPicker */ = {
			isa = PBXNativeTarget;
			buildConfigurationList = 3FD7DC281E7130CC009828E6 /* Build configuration list for PBXNativeTarget "RecepientPicker" */;
			buildPhases = (
				3FD7DC121E7130CC009828E6 /* Sources */,
				3FD7DC131E7130CC009828E6 /* Frameworks */,
				3FD7DC141E7130CC009828E6 /* Resources */,
			);
			buildRules = (
			);
			dependencies = (
			);
			name = RecepientPicker;
			productName = RecepientPicker;
			productReference = 3FD7DC161E7130CC009828E6 /* RecepientPicker.app */;
			productType = "com.apple.product-type.application";
		};
/* End PBXNativeTarget section */

/* Begin PBXProject section */
		3FD7DC0E1E7130CC009828E6 /* Project object */ = {
			isa = PBXProject;
			attributes = {
				LastSwiftUpdateCheck = 0820;
				LastUpgradeCheck = 0820;
				ORGANIZATIONNAME = "Panfilo Mariano";
				TargetAttributes = {
					3FD7DC151E7130CC009828E6 = {
						CreatedOnToolsVersion = 8.2.1;
						DevelopmentTeam = 84K28RPLUW;
						LastSwiftMigration = 0820;
						ProvisioningStyle = Automatic;
					};
				};
			};
			buildConfigurationList = 3FD7DC111E7130CC009828E6 /* Build configuration list for PBXProject "RecepientPicker" */;
			compatibilityVersion = "Xcode 3.2";
			developmentRegion = English;
			hasScannedForEncodings = 0;
			knownRegions = (
				en,
				Base,
			);
			mainGroup = 3FD7DC0D1E7130CC009828E6;
			productRefGroup = 3FD7DC171E7130CC009828E6 /* Products */;
			projectDirPath = "";
			projectRoot = "";
			targets = (
				3FD7DC151E7130CC009828E6 /* RecepientPicker */,
			);
		};
/* End PBXProject section */

/* Begin PBXResourcesBuildPhase section */
		3FD7DC141E7130CC009828E6 /* Resources */ = {
			isa = PBXResourcesBuildPhase;
			buildActionMask = 2147483647;
			files = (
				3FD7DC241E7130CC009828E6 /* LaunchScreen.storyboard in Resources */,
				3FD7DC211E7130CC009828E6 /* Assets.xcassets in Resources */,
				3FD7DC1F1E7130CC009828E6 /* Main.storyboard in Resources */,
			);
			runOnlyForDeploymentPostprocessing = 0;
		};
/* End PBXResourcesBuildPhase section */

/* Begin PBXSourcesBuildPhase section */
		3FD7DC121E7130CC009828E6 /* Sources */ = {
			isa = PBXSourcesBuildPhase;
			buildActionMask = 2147483647;
			files = (
				3F37EEFF1E76A8F200004114 /* NHAlignmentFlowLayout.m in Sources */,
				3F4A2D7D1E72A26A0084A405 /* TextFieldCollectionViewCell.swift in Sources */,
				3FD7DC1C1E7130CC009828E6 /* ViewController.swift in Sources */,
				3FD7DC2E1E715BF7009828E6 /* UICollectionViewLeftAlignedLayout.m in Sources */,
				3FD7DC1A1E7130CC009828E6 /* AppDelegate.swift in Sources */,
			);
			runOnlyForDeploymentPostprocessing = 0;
		};
/* End PBXSourcesBuildPhase section */

/* Begin PBXVariantGroup section */
		3FD7DC1D1E7130CC009828E6 /* Main.storyboard */ = {
			isa = PBXVariantGroup;
			children = (
				3FD7DC1E1E7130CC009828E6 /* Base */,
			);
			name = Main.storyboard;
			sourceTree = "<group>";
		};
		3FD7DC221E7130CC009828E6 /* LaunchScreen.storyboard */ = {
			isa = PBXVariantGroup;
			children = (
				3FD7DC231E7130CC009828E6 /* Base */,
			);
			name = LaunchScreen.storyboard;
			sourceTree = "<group>";
		};
/* End PBXVariantGroup section */

/* Begin XCBuildConfiguration section */
		3FD7DC261E7130CC009828E6 /* Debug */ = {
			isa = XCBuildConfiguration;
			buildSettings = {
				ALWAYS_SEARCH_USER_PATHS = NO;
				CLANG_ANALYZER_NONNULL = YES;
				CLANG_CXX_LANGUAGE_STANDARD = "gnu++0x";
				CLANG_CXX_LIBRARY = "libc++";
				CLANG_ENABLE_MODULES = YES;
				CLANG_ENABLE_OBJC_ARC = YES;
				CLANG_WARN_BOOL_CONVERSION = YES;
				CLANG_WARN_CONSTANT_CONVERSION = YES;
				CLANG_WARN_DIRECT_OBJC_ISA_USAGE = YES_ERROR;
				CLANG_WARN_DOCUMENTATION_COMMENTS = YES;
				CLANG_WARN_EMPTY_BODY = YES;
				CLANG_WARN_ENUM_CONVERSION = YES;
				CLANG_WARN_INFINITE_RECURSION = YES;
				CLANG_WARN_INT_CONVERSION = YES;
				CLANG_WARN_OBJC_ROOT_CLASS = YES_ERROR;
				CLANG_WARN_SUSPICIOUS_MOVE = YES;
				CLANG_WARN_UNREACHABLE_CODE = YES;
				CLANG_WARN__DUPLICATE_METHOD_MATCH = YES;
				"CODE_SIGN_IDENTITY[sdk=iphoneos*]" = "iPhone Developer";
				COPY_PHASE_STRIP = NO;
				DEBUG_INFORMATION_FORMAT = dwarf;
				ENABLE_STRICT_OBJC_MSGSEND = YES;
				ENABLE_TESTABILITY = YES;
				GCC_C_LANGUAGE_STANDARD = gnu99;
				GCC_DYNAMIC_NO_PIC = NO;
				GCC_NO_COMMON_BLOCKS = YES;
				GCC_OPTIMIZATION_LEVEL = 0;
				GCC_PREPROCESSOR_DEFINITIONS = (
					"DEBUG=1",
					"$(inherited)",
				);
				GCC_WARN_64_TO_32_BIT_CONVERSION = YES;
				GCC_WARN_ABOUT_RETURN_TYPE = YES_ERROR;
				GCC_WARN_UNDECLARED_SELECTOR = YES;
				GCC_WARN_UNINITIALIZED_AUTOS = YES_AGGRESSIVE;
				GCC_WARN_UNUSED_FUNCTION = YES;
				GCC_WARN_UNUSED_VARIABLE = YES;
				IPHONEOS_DEPLOYMENT_TARGET = 10.2;
				MTL_ENABLE_DEBUG_INFO = YES;
				ONLY_ACTIVE_ARCH = YES;
				SDKROOT = iphoneos;
				SWIFT_ACTIVE_COMPILATION_CONDITIONS = DEBUG;
				SWIFT_OPTIMIZATION_LEVEL = "-Onone";
			};
			name = Debug;
		};
		3FD7DC271E7130CC009828E6 /* Release */ = {
			isa = XCBuildConfiguration;
			buildSettings = {
				ALWAYS_SEARCH_USER_PATHS = NO;
				CLANG_ANALYZER_NONNULL = YES;
				CLANG_CXX_LANGUAGE_STANDARD = "gnu++0x";
				CLANG_CXX_LIBRARY = "libc++";
				CLANG_ENABLE_MODULES = YES;
				CLANG_ENABLE_OBJC_ARC = YES;
				CLANG_WARN_BOOL_CONVERSION = YES;
				CLANG_WARN_CONSTANT_CONVERSION = YES;
				CLANG_WARN_DIRECT_OBJC_ISA_USAGE = YES_ERROR;
				CLANG_WARN_DOCUMENTATION_COMMENTS = YES;
				CLANG_WARN_EMPTY_BODY = YES;
				CLANG_WARN_ENUM_CONVERSION = YES;
				CLANG_WARN_INFINITE_RECURSION = YES;
				CLANG_WARN_INT_CONVERSION = YES;
				CLANG_WARN_OBJC_ROOT_CLASS = YES_ERROR;
				CLANG_WARN_SUSPICIOUS_MOVE = YES;
				CLANG_WARN_UNREACHABLE_CODE = YES;
				CLANG_WARN__DUPLICATE_METHOD_MATCH = YES;
				"CODE_SIGN_IDENTITY[sdk=iphoneos*]" = "iPhone Developer";
				COPY_PHASE_STRIP = NO;
				DEBUG_INFORMATION_FORMAT = "dwarf-with-dsym";
				ENABLE_NS_ASSERTIONS = NO;
				ENABLE_STRICT_OBJC_MSGSEND = YES;
				GCC_C_LANGUAGE_STANDARD = gnu99;
				GCC_NO_COMMON_BLOCKS = YES;
				GCC_WARN_64_TO_32_BIT_CONVERSION = YES;
				GCC_WARN_ABOUT_RETURN_TYPE = YES_ERROR;
				GCC_WARN_UNDECLARED_SELECTOR = YES;
				GCC_WARN_UNINITIALIZED_AUTOS = YES_AGGRESSIVE;
				GCC_WARN_UNUSED_FUNCTION = YES;
				GCC_WARN_UNUSED_VARIABLE = YES;
				IPHONEOS_DEPLOYMENT_TARGET = 10.2;
				MTL_ENABLE_DEBUG_INFO = NO;
				SDKROOT = iphoneos;
				SWIFT_OPTIMIZATION_LEVEL = "-Owholemodule";
				VALIDATE_PRODUCT = YES;
			};
			name = Release;
		};
		3FD7DC291E7130CC009828E6 /* Debug */ = {
			isa = XCBuildConfiguration;
			buildSettings = {
				ASSETCATALOG_COMPILER_APPICON_NAME = AppIcon;
				CLANG_ENABLE_MODULES = YES;
				DEVELOPMENT_TEAM = 84K28RPLUW;
				INFOPLIST_FILE = RecepientPicker/Info.plist;
				LD_RUNPATH_SEARCH_PATHS = "$(inherited) @executable_path/Frameworks";
				PRODUCT_BUNDLE_IDENTIFIER = com.clicksend.RecipientPicker;
				PRODUCT_NAME = "$(TARGET_NAME)";
				SWIFT_OBJC_BRIDGING_HEADER = "RecepientPicker/RecepientPicker-Bridging-Header.h";
				SWIFT_OPTIMIZATION_LEVEL = "-Onone";
				SWIFT_VERSION = 3.0;
			};
			name = Debug;
		};
		3FD7DC2A1E7130CC009828E6 /* Release */ = {
			isa = XCBuildConfiguration;
			buildSettings = {
				ASSETCATALOG_COMPILER_APPICON_NAME = AppIcon;
				CLANG_ENABLE_MODULES = YES;
				DEVELOPMENT_TEAM = 84K28RPLUW;
				INFOPLIST_FILE = RecepientPicker/Info.plist;
				LD_RUNPATH_SEARCH_PATHS = "$(inherited) @executable_path/Frameworks";
				PRODUCT_BUNDLE_IDENTIFIER = com.clicksend.RecipientPicker;
				PRODUCT_NAME = "$(TARGET_NAME)";
				SWIFT_OBJC_BRIDGING_HEADER = "RecepientPicker/RecepientPicker-Bridging-Header.h";
				SWIFT_VERSION = 3.0;
			};
			name = Release;
		};
/* End XCBuildConfiguration section */

/* Begin XCConfigurationList section */
		3FD7DC111E7130CC009828E6 /* Build configuration list for PBXProject "RecepientPicker" */ = {
			isa = XCConfigurationList;
			buildConfigurations = (
				3FD7DC261E7130CC009828E6 /* Debug */,
				3FD7DC271E7130CC009828E6 /* Release */,
			);
			defaultConfigurationIsVisible = 0;
			defaultConfigurationName = Release;
		};
		3FD7DC281E7130CC009828E6 /* Build configuration list for PBXNativeTarget "RecepientPicker" */ = {
			isa = XCConfigurationList;
			buildConfigurations = (
				3FD7DC291E7130CC009828E6 /* Debug */,
				3FD7DC2A1E7130CC009828E6 /* Release */,
			);
			defaultConfigurationIsVisible = 0;
			defaultConfigurationName = Release;
		};
/* End XCConfigurationList section */
	};
	rootObject = 3FD7DC0E1E7130CC009828E6 /* Project object */;
}
